<?xml version="1.0" encoding="UTF-8" standalone="yes" ?>
<CodeBlocks_project_file>
	<FileVersion major="1" minor="6" />
	<Project>
		<Option title="DoAn" />
		<Option pch_mode="2" />
		<Option compiler="gcc" />
		<Build>
			<Target title="Debug">
				<Option output="bin/Debug/DoAn" prefix_auto="1" extension_auto="1" />
				<Option object_output="obj/Debug/" />
				<Option type="1" />
				<Option compiler="gcc" />
				<Compiler>
					<Add option="-g" />
					<Add directory="include/model" />
					<Add directory="include" />
					<Add directory="include/dao" />
					<Add directory="include/util" />
				</Compiler>
			</Target>
			<Target title="Release">
				<Option output="bin/Release/DoAn" prefix_auto="1" extension_auto="1" />
				<Option object_output="obj/Release/" />
				<Option type="1" />
				<Option compiler="gcc" />
				<Compiler>
					<Add option="-O2" />
					<Add directory="include/model" />
					<Add directory="include" />
					<Add directory="include/dao" />
					<Add directory="include/util" />
				</Compiler>
				<Linker>
					<Add option="-s" />
				</Linker>
			</Target>
		</Build>
		<Compiler>
			<Add option="-Wall" />
			<Add option="-fexceptions" />
		</Compiler>
		<Unit filename="include/dao/SubjectDao.h" />
		<Unit filename="include/model/Class.h" />
		<Unit filename="include/model/Date.h" />
		<Unit filename="include/model/Mark.h" />
		<Unit filename="include/model/Month.h" />
		<Unit filename="include/model/Person.h" />
		<Unit filename="include/model/Student.h" />
		<Unit filename="include/model/Subject.h" />
		<Unit filename="include/model/Teacher.h" />
		<Unit filename="include/model/TeachingAssignment.h" />
		<Unit filename="include/model/User.h" />
		<Unit filename="include/util/Logger.h" />
		<Unit filename="main.cpp" />
		<Unit filename="src/dao/SubjectDao.cpp" />
		<Unit filename="src/model/Class.cpp" />
		<Unit filename="src/model/Date.cpp" />
		<Unit filename="src/model/Mark.cpp" />
		<Unit filename="src/model/Person.cpp" />
		<Unit filename="src/model/Student.cpp" />
		<Unit filename="src/model/Subject.cpp" />
		<Unit filename="src/model/Teacher.cpp" />
		<Unit filename="src/model/TeachingAssignment.cpp" />
		<Unit filename="src/model/User.cpp" />
		<Unit filename="src/util/Logger.cpp" />
		<Extensions>
			<lib_finder disable_auto="1" />
		</Extensions>
	</Project>
</CodeBlocks_project_file>
